### YamlMime:ManagedReference
items:
- uid: XTMF.Testing.TestGatewayLock
  commentId: T:XTMF.Testing.TestGatewayLock
  id: TestGatewayLock
  parent: XTMF.Testing
  children:
  - XTMF.Testing.TestGatewayLock.TestListWriter
  - XTMF.Testing.TestGatewayLock.TestMultipleWriters
  - XTMF.Testing.TestGatewayLock.TestWriterHoldThenReaders
  - XTMF.Testing.TestGatewayLock.TestWriterLock
  langs:
  - csharp
  - vb
  name: TestGatewayLock
  nameWithType: TestGatewayLock
  fullName: XTMF.Testing.TestGatewayLock
  type: Class
  source:
    remote:
      path: Code/XTMFTesting/TestGatewayLock.cs
      branch: dev-1.5
      repo: https://github.com/TravelModellingGroup/XTMF.git
    id: TestGatewayLock
    path: ../../../XTMF/XTMF/Code/XTMFTesting/TestGatewayLock.cs
    startLine: 28
  assemblies:
  - XTMFTesting
  namespace: XTMF.Testing
  syntax:
    content: >-
      [TestClass]

      public class TestGatewayLock
    content.vb: >-
      <TestClass>

      Public Class TestGatewayLock
  inheritance:
  - System.Object
  inheritedMembers:
  - System.Object.ToString
  - System.Object.Equals(System.Object)
  - System.Object.Equals(System.Object,System.Object)
  - System.Object.ReferenceEquals(System.Object,System.Object)
  - System.Object.GetHashCode
  - System.Object.GetType
  - System.Object.MemberwiseClone
  attributes:
  - type: Microsoft.VisualStudio.TestTools.UnitTesting.TestClassAttribute
    ctor: Microsoft.VisualStudio.TestTools.UnitTesting.TestClassAttribute.#ctor
    arguments: []
  modifiers.csharp:
  - public
  - class
  modifiers.vb:
  - Public
  - Class
- uid: XTMF.Testing.TestGatewayLock.TestListWriter
  commentId: M:XTMF.Testing.TestGatewayLock.TestListWriter
  id: TestListWriter
  parent: XTMF.Testing.TestGatewayLock
  langs:
  - csharp
  - vb
  name: TestListWriter()
  nameWithType: TestGatewayLock.TestListWriter()
  fullName: XTMF.Testing.TestGatewayLock.TestListWriter()
  type: Method
  source:
    remote:
      path: Code/XTMFTesting/TestGatewayLock.cs
      branch: dev-1.5
      repo: https://github.com/TravelModellingGroup/XTMF.git
    id: TestListWriter
    path: ../../../XTMF/XTMF/Code/XTMFTesting/TestGatewayLock.cs
    startLine: 31
  assemblies:
  - XTMFTesting
  namespace: XTMF.Testing
  syntax:
    content: >-
      [TestMethod]

      public void TestListWriter()
    content.vb: >-
      <TestMethod>

      Public Sub TestListWriter
  overload: XTMF.Testing.TestGatewayLock.TestListWriter*
  attributes:
  - type: Microsoft.VisualStudio.TestTools.UnitTesting.TestMethodAttribute
    ctor: Microsoft.VisualStudio.TestTools.UnitTesting.TestMethodAttribute.#ctor
    arguments: []
  modifiers.csharp:
  - public
  modifiers.vb:
  - Public
- uid: XTMF.Testing.TestGatewayLock.TestMultipleWriters
  commentId: M:XTMF.Testing.TestGatewayLock.TestMultipleWriters
  id: TestMultipleWriters
  parent: XTMF.Testing.TestGatewayLock
  langs:
  - csharp
  - vb
  name: TestMultipleWriters()
  nameWithType: TestGatewayLock.TestMultipleWriters()
  fullName: XTMF.Testing.TestGatewayLock.TestMultipleWriters()
  type: Method
  source:
    remote:
      path: Code/XTMFTesting/TestGatewayLock.cs
      branch: dev-1.5
      repo: https://github.com/TravelModellingGroup/XTMF.git
    id: TestMultipleWriters
    path: ../../../XTMF/XTMF/Code/XTMFTesting/TestGatewayLock.cs
    startLine: 82
  assemblies:
  - XTMFTesting
  namespace: XTMF.Testing
  syntax:
    content: >-
      [TestMethod]

      public void TestMultipleWriters()
    content.vb: >-
      <TestMethod>

      Public Sub TestMultipleWriters
  overload: XTMF.Testing.TestGatewayLock.TestMultipleWriters*
  attributes:
  - type: Microsoft.VisualStudio.TestTools.UnitTesting.TestMethodAttribute
    ctor: Microsoft.VisualStudio.TestTools.UnitTesting.TestMethodAttribute.#ctor
    arguments: []
  modifiers.csharp:
  - public
  modifiers.vb:
  - Public
- uid: XTMF.Testing.TestGatewayLock.TestWriterHoldThenReaders
  commentId: M:XTMF.Testing.TestGatewayLock.TestWriterHoldThenReaders
  id: TestWriterHoldThenReaders
  parent: XTMF.Testing.TestGatewayLock
  langs:
  - csharp
  - vb
  name: TestWriterHoldThenReaders()
  nameWithType: TestGatewayLock.TestWriterHoldThenReaders()
  fullName: XTMF.Testing.TestGatewayLock.TestWriterHoldThenReaders()
  type: Method
  source:
    remote:
      path: Code/XTMFTesting/TestGatewayLock.cs
      branch: dev-1.5
      repo: https://github.com/TravelModellingGroup/XTMF.git
    id: TestWriterHoldThenReaders
    path: ../../../XTMF/XTMF/Code/XTMFTesting/TestGatewayLock.cs
    startLine: 125
  assemblies:
  - XTMFTesting
  namespace: XTMF.Testing
  syntax:
    content: >-
      [TestMethod]

      public void TestWriterHoldThenReaders()
    content.vb: >-
      <TestMethod>

      Public Sub TestWriterHoldThenReaders
  overload: XTMF.Testing.TestGatewayLock.TestWriterHoldThenReaders*
  attributes:
  - type: Microsoft.VisualStudio.TestTools.UnitTesting.TestMethodAttribute
    ctor: Microsoft.VisualStudio.TestTools.UnitTesting.TestMethodAttribute.#ctor
    arguments: []
  modifiers.csharp:
  - public
  modifiers.vb:
  - Public
- uid: XTMF.Testing.TestGatewayLock.TestWriterLock
  commentId: M:XTMF.Testing.TestGatewayLock.TestWriterLock
  id: TestWriterLock
  parent: XTMF.Testing.TestGatewayLock
  langs:
  - csharp
  - vb
  name: TestWriterLock()
  nameWithType: TestGatewayLock.TestWriterLock()
  fullName: XTMF.Testing.TestGatewayLock.TestWriterLock()
  type: Method
  source:
    remote:
      path: Code/XTMFTesting/TestGatewayLock.cs
      branch: dev-1.5
      repo: https://github.com/TravelModellingGroup/XTMF.git
    id: TestWriterLock
    path: ../../../XTMF/XTMF/Code/XTMFTesting/TestGatewayLock.cs
    startLine: 164
  assemblies:
  - XTMFTesting
  namespace: XTMF.Testing
  syntax:
    content: >-
      [TestMethod]

      public void TestWriterLock()
    content.vb: >-
      <TestMethod>

      Public Sub TestWriterLock
  overload: XTMF.Testing.TestGatewayLock.TestWriterLock*
  attributes:
  - type: Microsoft.VisualStudio.TestTools.UnitTesting.TestMethodAttribute
    ctor: Microsoft.VisualStudio.TestTools.UnitTesting.TestMethodAttribute.#ctor
    arguments: []
  modifiers.csharp:
  - public
  modifiers.vb:
  - Public
references:
- uid: XTMF.Testing
  commentId: N:XTMF.Testing
  name: XTMF.Testing
  nameWithType: XTMF.Testing
  fullName: XTMF.Testing
- uid: System.Object
  commentId: T:System.Object
  parent: System
  isExternal: true
  name: Object
  nameWithType: Object
  fullName: System.Object
- uid: System.Object.ToString
  commentId: M:System.Object.ToString
  parent: System.Object
  isExternal: true
  name: ToString()
  nameWithType: Object.ToString()
  fullName: System.Object.ToString()
  spec.csharp:
  - uid: System.Object.ToString
    name: ToString
    nameWithType: Object.ToString
    fullName: System.Object.ToString
    isExternal: true
  - name: (
    nameWithType: (
    fullName: (
  - name: )
    nameWithType: )
    fullName: )
  spec.vb:
  - uid: System.Object.ToString
    name: ToString
    nameWithType: Object.ToString
    fullName: System.Object.ToString
    isExternal: true
  - name: (
    nameWithType: (
    fullName: (
  - name: )
    nameWithType: )
    fullName: )
- uid: System.Object.Equals(System.Object)
  commentId: M:System.Object.Equals(System.Object)
  parent: System.Object
  isExternal: true
  name: Equals(Object)
  nameWithType: Object.Equals(Object)
  fullName: System.Object.Equals(System.Object)
  spec.csharp:
  - uid: System.Object.Equals(System.Object)
    name: Equals
    nameWithType: Object.Equals
    fullName: System.Object.Equals
    isExternal: true
  - name: (
    nameWithType: (
    fullName: (
  - uid: System.Object
    name: Object
    nameWithType: Object
    fullName: System.Object
    isExternal: true
  - name: )
    nameWithType: )
    fullName: )
  spec.vb:
  - uid: System.Object.Equals(System.Object)
    name: Equals
    nameWithType: Object.Equals
    fullName: System.Object.Equals
    isExternal: true
  - name: (
    nameWithType: (
    fullName: (
  - uid: System.Object
    name: Object
    nameWithType: Object
    fullName: System.Object
    isExternal: true
  - name: )
    nameWithType: )
    fullName: )
- uid: System.Object.Equals(System.Object,System.Object)
  commentId: M:System.Object.Equals(System.Object,System.Object)
  parent: System.Object
  isExternal: true
  name: Equals(Object, Object)
  nameWithType: Object.Equals(Object, Object)
  fullName: System.Object.Equals(System.Object, System.Object)
  spec.csharp:
  - uid: System.Object.Equals(System.Object,System.Object)
    name: Equals
    nameWithType: Object.Equals
    fullName: System.Object.Equals
    isExternal: true
  - name: (
    nameWithType: (
    fullName: (
  - uid: System.Object
    name: Object
    nameWithType: Object
    fullName: System.Object
    isExternal: true
  - name: ', '
    nameWithType: ', '
    fullName: ', '
  - uid: System.Object
    name: Object
    nameWithType: Object
    fullName: System.Object
    isExternal: true
  - name: )
    nameWithType: )
    fullName: )
  spec.vb:
  - uid: System.Object.Equals(System.Object,System.Object)
    name: Equals
    nameWithType: Object.Equals
    fullName: System.Object.Equals
    isExternal: true
  - name: (
    nameWithType: (
    fullName: (
  - uid: System.Object
    name: Object
    nameWithType: Object
    fullName: System.Object
    isExternal: true
  - name: ', '
    nameWithType: ', '
    fullName: ', '
  - uid: System.Object
    name: Object
    nameWithType: Object
    fullName: System.Object
    isExternal: true
  - name: )
    nameWithType: )
    fullName: )
- uid: System.Object.ReferenceEquals(System.Object,System.Object)
  commentId: M:System.Object.ReferenceEquals(System.Object,System.Object)
  parent: System.Object
  isExternal: true
  name: ReferenceEquals(Object, Object)
  nameWithType: Object.ReferenceEquals(Object, Object)
  fullName: System.Object.ReferenceEquals(System.Object, System.Object)
  spec.csharp:
  - uid: System.Object.ReferenceEquals(System.Object,System.Object)
    name: ReferenceEquals
    nameWithType: Object.ReferenceEquals
    fullName: System.Object.ReferenceEquals
    isExternal: true
  - name: (
    nameWithType: (
    fullName: (
  - uid: System.Object
    name: Object
    nameWithType: Object
    fullName: System.Object
    isExternal: true
  - name: ', '
    nameWithType: ', '
    fullName: ', '
  - uid: System.Object
    name: Object
    nameWithType: Object
    fullName: System.Object
    isExternal: true
  - name: )
    nameWithType: )
    fullName: )
  spec.vb:
  - uid: System.Object.ReferenceEquals(System.Object,System.Object)
    name: ReferenceEquals
    nameWithType: Object.ReferenceEquals
    fullName: System.Object.ReferenceEquals
    isExternal: true
  - name: (
    nameWithType: (
    fullName: (
  - uid: System.Object
    name: Object
    nameWithType: Object
    fullName: System.Object
    isExternal: true
  - name: ', '
    nameWithType: ', '
    fullName: ', '
  - uid: System.Object
    name: Object
    nameWithType: Object
    fullName: System.Object
    isExternal: true
  - name: )
    nameWithType: )
    fullName: )
- uid: System.Object.GetHashCode
  commentId: M:System.Object.GetHashCode
  parent: System.Object
  isExternal: true
  name: GetHashCode()
  nameWithType: Object.GetHashCode()
  fullName: System.Object.GetHashCode()
  spec.csharp:
  - uid: System.Object.GetHashCode
    name: GetHashCode
    nameWithType: Object.GetHashCode
    fullName: System.Object.GetHashCode
    isExternal: true
  - name: (
    nameWithType: (
    fullName: (
  - name: )
    nameWithType: )
    fullName: )
  spec.vb:
  - uid: System.Object.GetHashCode
    name: GetHashCode
    nameWithType: Object.GetHashCode
    fullName: System.Object.GetHashCode
    isExternal: true
  - name: (
    nameWithType: (
    fullName: (
  - name: )
    nameWithType: )
    fullName: )
- uid: System.Object.GetType
  commentId: M:System.Object.GetType
  parent: System.Object
  isExternal: true
  name: GetType()
  nameWithType: Object.GetType()
  fullName: System.Object.GetType()
  spec.csharp:
  - uid: System.Object.GetType
    name: GetType
    nameWithType: Object.GetType
    fullName: System.Object.GetType
    isExternal: true
  - name: (
    nameWithType: (
    fullName: (
  - name: )
    nameWithType: )
    fullName: )
  spec.vb:
  - uid: System.Object.GetType
    name: GetType
    nameWithType: Object.GetType
    fullName: System.Object.GetType
    isExternal: true
  - name: (
    nameWithType: (
    fullName: (
  - name: )
    nameWithType: )
    fullName: )
- uid: System.Object.MemberwiseClone
  commentId: M:System.Object.MemberwiseClone
  parent: System.Object
  isExternal: true
  name: MemberwiseClone()
  nameWithType: Object.MemberwiseClone()
  fullName: System.Object.MemberwiseClone()
  spec.csharp:
  - uid: System.Object.MemberwiseClone
    name: MemberwiseClone
    nameWithType: Object.MemberwiseClone
    fullName: System.Object.MemberwiseClone
    isExternal: true
  - name: (
    nameWithType: (
    fullName: (
  - name: )
    nameWithType: )
    fullName: )
  spec.vb:
  - uid: System.Object.MemberwiseClone
    name: MemberwiseClone
    nameWithType: Object.MemberwiseClone
    fullName: System.Object.MemberwiseClone
    isExternal: true
  - name: (
    nameWithType: (
    fullName: (
  - name: )
    nameWithType: )
    fullName: )
- uid: System
  commentId: N:System
  isExternal: true
  name: System
  nameWithType: System
  fullName: System
- uid: XTMF.Testing.TestGatewayLock.TestListWriter*
  commentId: Overload:XTMF.Testing.TestGatewayLock.TestListWriter
  name: TestListWriter
  nameWithType: TestGatewayLock.TestListWriter
  fullName: XTMF.Testing.TestGatewayLock.TestListWriter
- uid: XTMF.Testing.TestGatewayLock.TestMultipleWriters*
  commentId: Overload:XTMF.Testing.TestGatewayLock.TestMultipleWriters
  name: TestMultipleWriters
  nameWithType: TestGatewayLock.TestMultipleWriters
  fullName: XTMF.Testing.TestGatewayLock.TestMultipleWriters
- uid: XTMF.Testing.TestGatewayLock.TestWriterHoldThenReaders*
  commentId: Overload:XTMF.Testing.TestGatewayLock.TestWriterHoldThenReaders
  name: TestWriterHoldThenReaders
  nameWithType: TestGatewayLock.TestWriterHoldThenReaders
  fullName: XTMF.Testing.TestGatewayLock.TestWriterHoldThenReaders
- uid: XTMF.Testing.TestGatewayLock.TestWriterLock*
  commentId: Overload:XTMF.Testing.TestGatewayLock.TestWriterLock
  name: TestWriterLock
  nameWithType: TestGatewayLock.TestWriterLock
  fullName: XTMF.Testing.TestGatewayLock.TestWriterLock
